{
  "name": "command-signatures",
  "lockfileVersion": 3,
  "requires": true,
  "packages": {
    "": {
      "name": "command-signatures",
      "devDependencies": {
        "prettier": "^3.2.0",
        "prettier-plugin-multiline-arrays": "^4.1.4"
      }
    },
    "node_modules/@augment-vir/assert": {
      "version": "31.61.0",
      "resolved": "https://registry.npmjs.org/@augment-vir/assert/-/assert-31.61.0.tgz",
      "integrity": "sha512-niq3MtEV6oxzkJIWts11waz7GZxaHn8e9SAdJP7MYJCcD14lVkA+CTb4VTGj6GEWSEIve2ilcJP1S9PlLW9z2A==",
      "dev": true,
      "license": "(MIT or CC0 1.0)",
      "dependencies": {
        "@augment-vir/core": "^31.61.0",
        "@date-vir/duration": "^8.1.0",
        "deep-eql": "^5.0.2",
        "expect-type": "^1.3.0",
        "type-fest": "^5.4.4"
      },
      "engines": {
        "node": ">=22"
      }
    },
    "node_modules/@augment-vir/common": {
      "version": "31.61.0",
      "resolved": "https://registry.npmjs.org/@augment-vir/common/-/common-31.61.0.tgz",
      "integrity": "sha512-u9g5SD4NWQmSGeLBjGq2tdSXhduR1jLgCdkXea8K1mqzTAKnVF84eestK8AwFVmytYHn/DyoTHa3rzcQw6OXDQ==",
      "dev": true,
      "license": "(MIT or CC0 1.0)",
      "dependencies": {
        "@augment-vir/assert": "^31.61.0",
        "@augment-vir/core": "^31.61.0",
        "@date-vir/duration": "^8.1.0",
        "ansi-styles": "^6.2.3",
        "deepcopy-esm": "^2.1.1",
        "json5": "^2.2.3",
        "type-fest": "^5.4.4",
        "typed-event-target": "^4.1.0"
      },
      "engines": {
        "node": ">=22"
      }
    },
    "node_modules/@augment-vir/core": {
      "version": "31.61.0",
      "resolved": "https://registry.npmjs.org/@augment-vir/core/-/core-31.61.0.tgz",
      "integrity": "sha512-jpUPrITZZ2NVouNFgm7TWmL3TXUadcOiqjNkGuw/TN47I6YXbhwZdJGFbvkNYLHLNpgpyVfSpwdj4e3XYziWHQ==",
      "dev": true,
      "license": "(MIT or CC0 1.0)",
      "dependencies": {
        "@date-vir/duration": "^8.1.0",
        "browser-or-node": "^3.0.0",
        "diff": "^8.0.3",
        "json5": "^2.2.3",
        "type-fest": "^5.4.4"
      },
      "engines": {
        "node": ">=22"
      }
    },
    "node_modules/@date-vir/duration": {
      "version": "8.1.1",
      "resolved": "https://registry.npmjs.org/@date-vir/duration/-/duration-8.1.1.tgz",
      "integrity": "sha512-Yyy843MnUPsyGaDt07b4/Y8Sbh9Vcka1XwxVI5eWV7x8kigF+NtH5onsLlHELfF/rsjchVOnWRlBCkCpjltoJA==",
      "dev": true,
      "license": "(MIT or CC0 1.0)",
      "dependencies": {
        "@augment-vir/assert": "^31.59.3",
        "@types/luxon": "^3.7.1",
        "luxon": "^3.7.2",
        "type-fest": "^5.4.4"
      },
      "engines": {
        "node": ">=22"
      }
    },
    "node_modules/@types/luxon": {
      "version": "3.7.1",
      "resolved": "https://registry.npmjs.org/@types/luxon/-/luxon-3.7.1.tgz",
      "integrity": "sha512-H3iskjFIAn5SlJU7OuxUmTEpebK6TKB8rxZShDslBMZJ5u9S//KM1sbdAisiSrqwLQncVjnpi2OK2J51h+4lsg==",
      "dev": true,
      "license": "MIT"
    },
    "node_modules/ansi-styles": {
      "version": "6.2.3",
      "resolved": "https://registry.npmjs.org/ansi-styles/-/ansi-styles-6.2.3.tgz",
      "integrity": "sha512-4Dj6M28JB+oAH8kFkTLUo+a2jwOFkuqb3yucU0CANcRRUbxS0cP0nZYCGjcc3BNXwRIsUVmDGgzawme7zvJHvg==",
      "dev": true,
      "license": "MIT",
      "engines": {
        "node": ">=12"
      },
      "funding": {
        "url": "https://github.com/chalk/ansi-styles?sponsor=1"
      }
    },
    "node_modules/browser-or-node": {
      "version": "3.0.0",
      "resolved": "https://registry.npmjs.org/browser-or-node/-/browser-or-node-3.0.0.tgz",
      "integrity": "sha512-iczIdVJzGEYhP5DqQxYM9Hh7Ztpqqi+CXZpSmX8ALFs9ecXkQIeqRyM6TfxEfMVpwhl3dSuDvxdzzo9sUOIVBQ==",
      "dev": true,
      "license": "MIT"
    },
    "node_modules/deep-eql": {
      "version": "5.0.2",
      "resolved": "https://registry.npmjs.org/deep-eql/-/deep-eql-5.0.2.tgz",
      "integrity": "sha512-h5k/5U50IJJFpzfL6nO9jaaumfjO/f2NjK/oYB2Djzm4p9L+3T9qWpZqZ2hAbLPuuYq9wrU08WQyBTL5GbPk5Q==",
      "dev": true,
      "license": "MIT",
      "engines": {
        "node": ">=6"
      }
    },
    "node_modules/deepcopy-esm": {
      "version": "2.1.1",
      "resolved": "https://registry.npmjs.org/deepcopy-esm/-/deepcopy-esm-2.1.1.tgz",
      "integrity": "sha512-0lopQd/gi3excE3sgBrjuR3gJv6ZElk027i30pUgdjtvSJl/OoZ8B6L42GUBm6C3G8hD1EB5ir2gTYnINzWx4g==",
      "dev": true,
      "license": "(MIT or CC0 1.0)",
      "engines": {
        "node": ">=22"
      }
    },
    "node_modules/diff": {
      "version": "8.0.3",
      "resolved": "https://registry.npmjs.org/diff/-/diff-8.0.3.tgz",
      "integrity": "sha512-qejHi7bcSD4hQAZE0tNAawRK1ZtafHDmMTMkrrIGgSLl7hTnQHmKCeB45xAcbfTqK2zowkM3j3bHt/4b/ARbYQ==",
      "dev": true,
      "license": "BSD-3-Clause",
      "engines": {
        "node": ">=0.3.1"
      }
    },
    "node_modules/expect-type": {
      "version": "1.3.0",
      "resolved": "https://registry.npmjs.org/expect-type/-/expect-type-1.3.0.tgz",
      "integrity": "sha512-knvyeauYhqjOYvQ66MznSMs83wmHrCycNEN6Ao+2AeYEfxUIkuiVxdEa1qlGEPK+We3n0THiDciYSsCcgW/DoA==",
      "dev": true,
      "license": "Apache-2.0",
      "engines": {
        "node": ">=12.0.0"
      }
    },
    "node_modules/json5": {
      "version": "2.2.3",
      "resolved": "https://registry.npmjs.org/json5/-/json5-2.2.3.tgz",
      "integrity": "sha512-XmOWe7eyHYH14cLdVPoyg+GOH3rYX++KpzrylJwSW98t3Nk+U8XOl8FWKOgwtzdb8lXGf6zYwDUzeHMWfxasyg==",
      "dev": true,
      "license": "MIT",
      "bin": {
        "json5": "lib/cli.js"
      },
      "engines": {
        "node": ">=6"
      }
    },
    "node_modules/luxon": {
      "version": "3.7.2",
      "resolved": "https://registry.npmjs.org/luxon/-/luxon-3.7.2.tgz",
      "integrity": "sha512-vtEhXh/gNjI9Yg1u4jX/0YVPMvxzHuGgCm6tC5kZyb08yjGWGnqAjGJvcXbqQR2P3MyMEFnRbpcdFS6PBcLqew==",
      "dev": true,
      "license": "MIT",
      "engines": {
        "node": ">=12"
      }
    },
    "node_modules/prettier": {
      "version": "3.8.1",
      "resolved": "https://registry.npmjs.org/prettier/-/prettier-3.8.1.tgz",
      "integrity": "sha512-UOnG6LftzbdaHZcKoPFtOcCKztrQ57WkHDeRD9t/PTQtmT0NHSeWWepj6pS0z/N7+08BHFDQVUrfmfMRcZwbMg==",
      "dev": true,
      "license": "MIT",
      "peer": true,
      "bin": {
        "prettier": "bin/prettier.cjs"
      },
      "engines": {
        "node": ">=14"
      },
      "funding": {
        "url": "https://github.com/prettier/prettier?sponsor=1"
      }
    },
    "node_modules/prettier-plugin-multiline-arrays": {
      "version": "4.1.4",
      "resolved": "https://registry.npmjs.org/prettier-plugin-multiline-arrays/-/prettier-plugin-multiline-arrays-4.1.4.tgz",
      "integrity": "sha512-33xcBKg7UC5rEKCkPn5LyB3f0mqK4wd+W5rzGO6gbps8jxAHnO/t95SuGqz6TR09ysXUjaKu1m5rknBVzlhKlw==",
      "dev": true,
      "license": "(MIT or CC0 1.0)",
      "dependencies": {
        "@augment-vir/assert": "^31.59.3",
        "@augment-vir/common": "^31.59.3",
        "proxy-vir": "^2.0.2"
      },
      "engines": {
        "node": ">=20"
      },
      "peerDependencies": {
        "prettier": ">=3.0.0 <4.0.0"
      }
    },
    "node_modules/proxy-vir": {
      "version": "2.0.2",
      "resolved": "https://registry.npmjs.org/proxy-vir/-/proxy-vir-2.0.2.tgz",
      "integrity": "sha512-YgV6c/9aJ7RyNZDTPqLQ6SdqBocWHGUa5rU3hyEsHj2kg4/b0y0EMWp3dNNUEJQrw6BoywonNINEVyFvj97YXQ==",
      "dev": true,
      "license": "(MIT or CC0 1.0)",
      "dependencies": {
        "@augment-vir/assert": "^31.59.3",
        "@augment-vir/common": "^31.59.3"
      },
      "engines": {
        "node": ">=22"
      }
    },
    "node_modules/tagged-tag": {
      "version": "1.0.0",
      "resolved": "https://registry.npmjs.org/tagged-tag/-/tagged-tag-1.0.0.tgz",
      "integrity": "sha512-yEFYrVhod+hdNyx7g5Bnkkb0G6si8HJurOoOEgC8B/O0uXLHlaey/65KRv6cuWBNhBgHKAROVpc7QyYqE5gFng==",
      "dev": true,
      "license": "MIT",
      "engines": {
        "node": ">=20"
      },
      "funding": {
        "url": "https://github.com/sponsors/sindresorhus"
      }
    },
    "node_modules/type-fest": {
      "version": "5.4.4",
      "resolved": "https://registry.npmjs.org/type-fest/-/type-fest-5.4.4.tgz",
      "integrity": "sha512-JnTrzGu+zPV3aXIUhnyWJj4z/wigMsdYajGLIYakqyOW1nPllzXEJee0QQbHj+CTIQtXGlAjuK0UY+2xTyjVAw==",
      "dev": true,
      "license": "(MIT OR CC0-1.0)",
      "dependencies": {
        "tagged-tag": "^1.0.0"
      },
      "engines": {
        "node": ">=20"
      },
      "funding": {
        "url": "https://github.com/sponsors/sindresorhus"
      }
    },
    "node_modules/typed-event-target": {
      "version": "4.1.0",
      "resolved": "https://registry.npmjs.org/typed-event-target/-/typed-event-target-4.1.0.tgz",
      "integrity": "sha512-fDFhZb7ofywLsVv8mYePD6ONfCpVHyM1t2dboEJx/XMsnflljnu3GQ5qH09hS1USuypGMR7wRbdWQPydgJ8nGQ==",
      "dev": true,
      "license": "(MIT or CC0 1.0)",
      "dependencies": {
        "@augment-vir/assert": "^31.19.1",
        "@augment-vir/common": "^31.19.1",
        "@augment-vir/core": "^31.19.1"
      },
      "engines": {
        "node": ">=22"
      }
    }
  }
}
